// !$*UTF8*$!
{
	archiveVersion = 1;
	classes = {
	};
	objectVersion = 56;
	objects = {

/* Begin PBXBuildFile section */
		17A01DE1299EC21500CFBDB7 /* MovieCell.swift in Sources */ = {isa = PBXBuildFile; fileRef = 17A01DE0299EC21500CFBDB7 /* MovieCell.swift */; };
		17A01DEA299EDDEB00CFBDB7 /* Nuke in Frameworks */ = {isa = PBXBuildFile; productRef = 17A01DE9299EDDEB00CFBDB7 /* Nuke */; };
		17A5F3DC29959A3B0019BAB1 /* AppDelegate.swift in Sources */ = {isa = PBXBuildFile; fileRef = 17A5F3DB29959A3B0019BAB1 /* AppDelegate.swift */; };
		17A5F3DE29959A3B0019BAB1 /* SceneDelegate.swift in Sources */ = {isa = PBXBuildFile; fileRef = 17A5F3DD29959A3B0019BAB1 /* SceneDelegate.swift */; };
		17A5F3E029959A3B0019BAB1 /* ViewController.swift in Sources */ = {isa = PBXBuildFile; fileRef = 17A5F3DF29959A3B0019BAB1 /* ViewController.swift */; };
		17A5F3E329959A3B0019BAB1 /* Main.storyboard in Resources */ = {isa = PBXBuildFile; fileRef = 17A5F3E129959A3B0019BAB1 /* Main.storyboard */; };
		17A5F3E529959A3C0019BAB1 /* Assets.xcassets in Resources */ = {isa = PBXBuildFile; fileRef = 17A5F3E429959A3C0019BAB1 /* Assets.xcassets */; };
		17A5F3E829959A3C0019BAB1 /* LaunchScreen.storyboard in Resources */ = {isa = PBXBuildFile; fileRef = 17A5F3E629959A3C0019BAB1 /* LaunchScreen.storyboard */; };
		17A5F3F329959A3C0019BAB1 /* unit2projectTests.swift in Sources */ = {isa = PBXBuildFile; fileRef = 17A5F3F229959A3C0019BAB1 /* unit2projectTests.swift */; };
		17A5F3FD29959A3C0019BAB1 /* unit2projectUITests.swift in Sources */ = {isa = PBXBuildFile; fileRef = 17A5F3FC29959A3C0019BAB1 /* unit2projectUITests.swift */; };
		17A5F3FF29959A3C0019BAB1 /* unit2projectUITestsLaunchTests.swift in Sources */ = {isa = PBXBuildFile; fileRef = 17A5F3FE29959A3C0019BAB1 /* unit2projectUITestsLaunchTests.swift */; };
		17A5F41029959C9B0019BAB1 /* Movie.swift in Sources */ = {isa = PBXBuildFile; fileRef = 17A5F40F29959C9B0019BAB1 /* Movie.swift */; };
		17DAC028299F415300FA6512 /* DetailViewController.swift in Sources */ = {isa = PBXBuildFile; fileRef = 17DAC027299F415300FA6512 /* DetailViewController.swift */; };
/* End PBXBuildFile section */

/* Begin PBXContainerItemProxy section */
		17A5F3EF29959A3C0019BAB1 /* PBXContainerItemProxy */ = {
			isa = PBXContainerItemProxy;
			containerPortal = 17A5F3D029959A3B0019BAB1 /* Project object */;
			proxyType = 1;
			remoteGlobalIDString = 17A5F3D729959A3B0019BAB1;
			remoteInfo = unit2project;
		};
		17A5F3F929959A3C0019BAB1 /* PBXContainerItemProxy */ = {
			isa = PBXContainerItemProxy;
			containerPortal = 17A5F3D029959A3B0019BAB1 /* Project object */;
			proxyType = 1;
			remoteGlobalIDString = 17A5F3D729959A3B0019BAB1;
			remoteInfo = unit2project;
		};
/* End PBXContainerItemProxy section */

/* Begin PBXFileReference section */
		17A01DE0299EC21500CFBDB7 /* MovieCell.swift */ = {isa = PBXFileReference; lastKnownFileType = sourcecode.swift; path = MovieCell.swift; sourceTree = "<group>"; };
		17A5F3D829959A3B0019BAB1 /* Flixster.app */ = {isa = PBXFileReference; explicitFileType = wrapper.application; includeInIndex = 0; path = Flixster.app; sourceTree = BUILT_PRODUCTS_DIR; };
		17A5F3DB29959A3B0019BAB1 /* AppDelegate.swift */ = {isa = PBXFileReference; lastKnownFileType = sourcecode.swift; path = AppDelegate.swift; sourceTree = "<group>"; };
		17A5F3DD29959A3B0019BAB1 /* SceneDelegate.swift */ = {isa = PBXFileReference; lastKnownFileType = sourcecode.swift; path = SceneDelegate.swift; sourceTree = "<group>"; };
		17A5F3DF29959A3B0019BAB1 /* ViewController.swift */ = {isa = PBXFileReference; lastKnownFileType = sourcecode.swift; path = ViewController.swift; sourceTree = "<group>"; };
		17A5F3E229959A3B0019BAB1 /* Base */ = {isa = PBXFileReference; lastKnownFileType = file.storyboard; name = Base; path = Base.lproj/Main.storyboard; sourceTree = "<group>"; };
		17A5F3E429959A3C0019BAB1 /* Assets.xcassets */ = {isa = PBXFileReference; lastKnownFileType = folder.assetcatalog; path = Assets.xcassets; sourceTree = "<group>"; };
		17A5F3E729959A3C0019BAB1 /* Base */ = {isa = PBXFileReference; lastKnownFileType = file.storyboard; name = Base; path = Base.lproj/LaunchScreen.storyboard; sourceTree = "<group>"; };
		17A5F3E929959A3C0019BAB1 /* Info.plist */ = {isa = PBXFileReference; lastKnownFileType = text.plist.xml; path = Info.plist; sourceTree = "<group>"; };
		17A5F3EE29959A3C0019BAB1 /* unit2projectTests.xctest */ = {isa = PBXFileReference; explicitFileType = wrapper.cfbundle; includeInIndex = 0; path = unit2projectTests.xctest; sourceTree = BUILT_PRODUCTS_DIR; };
		17A5F3F229959A3C0019BAB1 /* unit2projectTests.swift */ = {isa = PBXFileReference; lastKnownFileType = sourcecode.swift; path = unit2projectTests.swift; sourceTree = "<group>"; };
		17A5F3F829959A3C0019BAB1 /* unit2projectUITests.xctest */ = {isa = PBXFileReference; explicitFileType = wrapper.cfbundle; includeInIndex = 0; path = unit2projectUITests.xctest; sourceTree = BUILT_PRODUCTS_DIR; };
		17A5F3FC29959A3C0019BAB1 /* unit2projectUITests.swift */ = {isa = PBXFileReference; lastKnownFileType = sourcecode.swift; path = unit2projectUITests.swift; sourceTree = "<group>"; };
		17A5F3FE29959A3C0019BAB1 /* unit2projectUITestsLaunchTests.swift */ = {isa = PBXFileReference; lastKnownFileType = sourcecode.swift; path = unit2projectUITestsLaunchTests.swift; sourceTree = "<group>"; };
		17A5F40F29959C9B0019BAB1 /* Movie.swift */ = {isa = PBXFileReference; lastKnownFileType = sourcecode.swift; path = Movie.swift; sourceTree = "<group>"; };
		17DAC027299F415300FA6512 /* DetailViewController.swift */ = {isa = PBXFileReference; lastKnownFileType = sourcecode.swift; path = DetailViewController.swift; sourceTree = "<group>"; };
/* End PBXFileReference section */

/* Begin PBXFrameworksBuildPhase section */
		17A5F3D529959A3B0019BAB1 /* Frameworks */ = {
			isa = PBXFrameworksBuildPhase;
			buildActionMask = 2147483647;
			files = (
				17A01DEA299EDDEB00CFBDB7 /* Nuke in Frameworks */,
			);
			runOnlyForDeploymentPostprocessing = 0;
		};
		17A5F3EB29959A3C0019BAB1 /* Frameworks */ = {
			isa = PBXFrameworksBuildPhase;
			buildActionMask = 2147483647;
			files = (
			);
			runOnlyForDeploymentPostprocessing = 0;
		};
		17A5F3F529959A3C0019BAB1 /* Frameworks */ = {
			isa = PBXFrameworksBuildPhase;
			buildActionMask = 2147483647;
			files = (
			);
			runOnlyForDeploymentPostprocessing = 0;
		};
/* End PBXFrameworksBuildPhase section */

/* Begin PBXGroup section */
		17A5F3CF29959A3B0019BAB1 = {
			isa = PBXGroup;
			children = (
				17A5F3DA29959A3B0019BAB1 /* unit2project */,
				17A5F3F129959A3C0019BAB1 /* unit2projectTests */,
				17A5F3FB29959A3C0019BAB1 /* unit2projectUITests */,
				17A5F3D929959A3B0019BAB1 /* Products */,
			);
			sourceTree = "<group>";
		};
		17A5F3D929959A3B0019BAB1 /* Products */ = {
			isa = PBXGroup;
			children = (
				17A5F3D829959A3B0019BAB1 /* Flixster.app */,
				17A5F3EE29959A3C0019BAB1 /* unit2projectTests.xctest */,
				17A5F3F829959A3C0019BAB1 /* unit2projectUITests.xctest */,
			);
			name = Products;
			sourceTree = "<group>";
		};
		17A5F3DA29959A3B0019BAB1 /* unit2project */ = {
			isa = PBXGroup;
			children = (
				17A5F3DB29959A3B0019BAB1 /* AppDelegate.swift */,
				17A5F3DD29959A3B0019BAB1 /* SceneDelegate.swift */,
				17A5F3DF29959A3B0019BAB1 /* ViewController.swift */,
				17A5F3E129959A3B0019BAB1 /* Main.storyboard */,
				17A5F3E429959A3C0019BAB1 /* Assets.xcassets */,
				17A5F3E629959A3C0019BAB1 /* LaunchScreen.storyboard */,
				17A5F3E929959A3C0019BAB1 /* Info.plist */,
				17A5F40F29959C9B0019BAB1 /* Movie.swift */,
				17A01DE0299EC21500CFBDB7 /* MovieCell.swift */,
				17DAC027299F415300FA6512 /* DetailViewController.swift */,
			);
			path = unit2project;
			sourceTree = "<group>";
		};
		17A5F3F129959A3C0019BAB1 /* unit2projectTests */ = {
			isa = PBXGroup;
			children = (
				17A5F3F229959A3C0019BAB1 /* unit2projectTests.swift */,
			);
			path = unit2projectTests;
			sourceTree = "<group>";
		};
		17A5F3FB29959A3C0019BAB1 /* unit2projectUITests */ = {
			isa = PBXGroup;
			children = (
				17A5F3FC29959A3C0019BAB1 /* unit2projectUITests.swift */,
				17A5F3FE29959A3C0019BAB1 /* unit2projectUITestsLaunchTests.swift */,
			);
			path = unit2projectUITests;
			sourceTree = "<group>";
		};
/* End PBXGroup section */

/* Begin PBXNativeTarget section */
		17A5F3D729959A3B0019BAB1 /* unit2project */ = {
			isa = PBXNativeTarget;
			buildConfigurationList = 17A5F40229959A3C0019BAB1 /* Build configuration list for PBXNativeTarget "unit2project" */;
			buildPhases = (
				17A5F3D429959A3B0019BAB1 /* Sources */,
				17A5F3D529959A3B0019BAB1 /* Frameworks */,
				17A5F3D629959A3B0019BAB1 /* Resources */,
			);
			buildRules = (
			);
			dependencies = (
			);
			name = unit2project;
			packageProductDependencies = (
				17A01DE9299EDDEB00CFBDB7 /* Nuke */,
			);
			productName = unit2project;
			productReference = 17A5F3D829959A3B0019BAB1 /* Flixster.app */;
			productType = "com.apple.product-type.application";
		};
		17A5F3ED29959A3C0019BAB1 /* unit2projectTests */ = {
			isa = PBXNativeTarget;
			buildConfigurationList = 17A5F40529959A3C0019BAB1 /* Build configuration list for PBXNativeTarget "unit2projectTests" */;
			buildPhases = (
				17A5F3EA29959A3C0019BAB1 /* Sources */,
				17A5F3EB29959A3C0019BAB1 /* Frameworks */,
				17A5F3EC29959A3C0019BAB1 /* Resources */,
			);
			buildRules = (
			);
			dependencies = (
				17A5F3F029959A3C0019BAB1 /* PBXTargetDependency */,
			);
			name = unit2projectTests;
			productName = unit2projectTests;
			productReference = 17A5F3EE29959A3C0019BAB1 /* unit2projectTests.xctest */;
			productType = "com.apple.product-type.bundle.unit-test";
		};
		17A5F3F729959A3C0019BAB1 /* unit2projectUITests */ = {
			isa = PBXNativeTarget;
			buildConfigurationList = 17A5F40829959A3C0019BAB1 /* Build configuration list for PBXNativeTarget "unit2projectUITests" */;
			buildPhases = (
				17A5F3F429959A3C0019BAB1 /* Sources */,
				17A5F3F529959A3C0019BAB1 /* Frameworks */,
				17A5F3F629959A3C0019BAB1 /* Resources */,
			);
			buildRules = (
			);
			dependencies = (
				17A5F3FA29959A3C0019BAB1 /* PBXTargetDependency */,
			);
			name = unit2projectUITests;
			productName = unit2projectUITests;
			productReference = 17A5F3F829959A3C0019BAB1 /* unit2projectUITests.xctest */;
			productType = "com.apple.product-type.bundle.ui-testing";
		};
/* End PBXNativeTarget section */

/* Begin PBXProject section */
		17A5F3D029959A3B0019BAB1 /* Project object */ = {
			isa = PBXProject;
			attributes = {
				BuildIndependentTargetsInParallel = 1;
				LastSwiftUpdateCheck = 1420;
				LastUpgradeCheck = 1420;
				TargetAttributes = {
					17A5F3D729959A3B0019BAB1 = {
						CreatedOnToolsVersion = 14.2;
					};
					17A5F3ED29959A3C0019BAB1 = {
						CreatedOnToolsVersion = 14.2;
						TestTargetID = 17A5F3D729959A3B0019BAB1;
					};
					17A5F3F729959A3C0019BAB1 = {
						CreatedOnToolsVersion = 14.2;
						TestTargetID = 17A5F3D729959A3B0019BAB1;
					};
				};
			};
			buildConfigurationList = 17A5F3D329959A3B0019BAB1 /* Build configuration list for PBXProject "unit2project" */;
			compatibilityVersion = "Xcode 14.0";
			developmentRegion = en;
			hasScannedForEncodings = 0;
			knownRegions = (
				en,
				Base,
			);
			mainGroup = 17A5F3CF29959A3B0019BAB1;
			packageReferences = (
				17A01DE8299EDDEB00CFBDB7 /* XCRemoteSwiftPackageReference "Nuke" */,
			);
			productRefGroup = 17A5F3D929959A3B0019BAB1 /* Products */;
			projectDirPath = "";
			projectRoot = "";
			targets = (
				17A5F3D729959A3B0019BAB1 /* unit2project */,
				17A5F3ED29959A3C0019BAB1 /* unit2projectTests */,
				17A5F3F729959A3C0019BAB1 /* unit2projectUITests */,
			);
		};
/* End PBXProject section */

/* Begin PBXResourcesBuildPhase section */
		17A5F3D629959A3B0019BAB1 /* Resources */ = {
			isa = PBXResourcesBuildPhase;
			buildActionMask = 2147483647;
			files = (
				17A5F3E829959A3C0019BAB1 /* LaunchScreen.storyboard in Resources */,
				17A5F3E529959A3C0019BAB1 /* Assets.xcassets in Resources */,
				17A5F3E329959A3B0019BAB1 /* Main.storyboard in Resources */,
			);
			runOnlyForDeploymentPostprocessing = 0;
		};
		17A5F3EC29959A3C0019BAB1 /* Resources */ = {
			isa = PBXResourcesBuildPhase;
			buildActionMask = 2147483647;
			files = (
			);
			runOnlyForDeploymentPostprocessing = 0;
		};
		17A5F3F629959A3C0019BAB1 /* Resources */ = {
			isa = PBXResourcesBuildPhase;
			buildActionMask = 2147483647;
			files = (
			);
			runOnlyForDeploymentPostprocessing = 0;
		};
/* End PBXResourcesBuildPhase section */

/* Begin PBXSourcesBuildPhase section */
		17A5F3D429959A3B0019BAB1 /* Sources */ = {
			isa = PBXSourcesBuildPhase;
			buildActionMask = 2147483647;
			files = (
				17A5F3E029959A3B0019BAB1 /* ViewController.swift in Sources */,
				17A5F3DC29959A3B0019BAB1 /* AppDelegate.swift in Sources */,
				17A5F41029959C9B0019BAB1 /* Movie.swift in Sources */,
				17DAC028299F415300FA6512 /* DetailViewController.swift in Sources */,
				17A01DE1299EC21500CFBDB7 /* MovieCell.swift in Sources */,
				17A5F3DE29959A3B0019BAB1 /* SceneDelegate.swift in Sources */,
			);
			runOnlyForDeploymentPostprocessing = 0;
		};
		17A5F3EA29959A3C0019BAB1 /* Sources */ = {
			isa = PBXSourcesBuildPhase;
			buildActionMask = 2147483647;
			files = (
				17A5F3F329959A3C0019BAB1 /* unit2projectTests.swift in Sources */,
			);
			runOnlyForDeploymentPostprocessing = 0;
		};
		17A5F3F429959A3C0019BAB1 /* Sources */ = {
			isa = PBXSourcesBuildPhase;
			buildActionMask = 2147483647;
			files = (
				17A5F3FD29959A3C0019BAB1 /* unit2projectUITests.swift in Sources */,
				17A5F3FF29959A3C0019BAB1 /* unit2projectUITestsLaunchTests.swift in Sources */,
			);
			runOnlyForDeploymentPostprocessing = 0;
		};
/* End PBXSourcesBuildPhase section */

/* Begin PBXTargetDependency section */
		17A5F3F029959A3C0019BAB1 /* PBXTargetDependency */ = {
			isa = PBXTargetDependency;
			target = 17A5F3D729959A3B0019BAB1 /* unit2project */;
			targetProxy = 17A5F3EF29959A3C0019BAB1 /* PBXContainerItemProxy */;
		};
		17A5F3FA29959A3C0019BAB1 /* PBXTargetDependency */ = {
			isa = PBXTargetDependency;
			target = 17A5F3D729959A3B0019BAB1 /* unit2project */;
			targetProxy = 17A5F3F929959A3C0019BAB1 /* PBXContainerItemProxy */;
		};
/* End PBXTargetDependency section */

/* Begin PBXVariantGroup section */
		17A5F3E129959A3B0019BAB1 /* Main.storyboard */ = {
			isa = PBXVariantGroup;
			children = (
				17A5F3E229959A3B0019BAB1 /* Base */,
			);
			name = Main.storyboard;
			sourceTree = "<group>";
		};
		17A5F3E629959A3C0019BAB1 /* LaunchScreen.storyboard */ = {
			isa = PBXVariantGroup;
			children = (
				17A5F3E729959A3C0019BAB1 /* Base */,
			);
			name = LaunchScreen.storyboard;
			sourceTree = "<group>";
		};
/* End PBXVariantGroup section */

/* Begin XCBuildConfiguration section */
		17A5F40029959A3C0019BAB1 /* Debug */ = {
			isa = XCBuildConfiguration;
			buildSettings = {
				ALWAYS_SEARCH_USER_PATHS = NO;
				CLANG_ANALYZER_NONNULL = YES;
				CLANG_ANALYZER_NUMBER_OBJECT_CONVERSION = YES_AGGRESSIVE;
				CLANG_CXX_LANGUAGE_STANDARD = "gnu++20";
				CLANG_ENABLE_MODULES = YES;
				CLANG_ENABLE_OBJC_ARC = YES;
				CLANG_ENABLE_OBJC_WEAK = YES;
				CLANG_WARN_BLOCK_CAPTURE_AUTORELEASING = YES;
				CLANG_WARN_BOOL_CONVERSION = YES;
				CLANG_WARN_COMMA = YES;
				CLANG_WARN_CONSTANT_CONVERSION = YES;
				CLANG_WARN_DEPRECATED_OBJC_IMPLEMENTATIONS = YES;
				CLANG_WARN_DIRECT_OBJC_ISA_USAGE = YES_ERROR;
				CLANG_WARN_DOCUMENTATION_COMMENTS = YES;
				CLANG_WARN_EMPTY_BODY = YES;
				CLANG_WARN_ENUM_CONVERSION = YES;
				CLANG_WARN_INFINITE_RECURSION = YES;
				CLANG_WARN_INT_CONVERSION = YES;
				CLANG_WARN_NON_LITERAL_NULL_CONVERSION = YES;
				CLANG_WARN_OBJC_IMPLICIT_RETAIN_SELF = YES;
				CLANG_WARN_OBJC_LITERAL_CONVERSION = YES;
				CLANG_WARN_OBJC_ROOT_CLASS = YES_ERROR;
				CLANG_WARN_QUOTED_INCLUDE_IN_FRAMEWORK_HEADER = YES;
				CLANG_WARN_RANGE_LOOP_ANALYSIS = YES;
				CLANG_WARN_STRICT_PROTOTYPES = YES;
				CLANG_WARN_SUSPICIOUS_MOVE = YES;
				CLANG_WARN_UNGUARDED_AVAILABILITY = YES_AGGRESSIVE;
				CLANG_WARN_UNREACHABLE_CODE = YES;
				CLANG_WARN__DUPLICATE_METHOD_MATCH = YES;
				COPY_PHASE_STRIP = NO;
				DEBUG_INFORMATION_FORMAT = dwarf;
				ENABLE_STRICT_OBJC_MSGSEND = YES;
				ENABLE_TESTABILITY = YES;
				GCC_C_LANGUAGE_STANDARD = gnu11;
				GCC_DYNAMIC_NO_PIC = NO;
				GCC_NO_COMMON_BLOCKS = YES;
				GCC_OPTIMIZATION_LEVEL = 0;
				GCC_PREPROCESSOR_DEFINITIONS = (
					"DEBUG=1",
					"$(inherited)",
				);
				GCC_WARN_64_TO_32_BIT_CONVERSION = YES;
				GCC_WARN_ABOUT_RETURN_TYPE = YES_ERROR;
				GCC_WARN_UNDECLARED_SELECTOR = YES;
				GCC_WARN_UNINITIALIZED_AUTOS = YES_AGGRESSIVE;
				GCC_WARN_UNUSED_FUNCTION = YES;
				GCC_WARN_UNUSED_VARIABLE = YES;
				IPHONEOS_DEPLOYMENT_TARGET = 16.2;
				MTL_ENABLE_DEBUG_INFO = INCLUDE_SOURCE;
				MTL_FAST_MATH = YES;
				ONLY_ACTIVE_ARCH = YES;
				SDKROOT = iphoneos;
				SWIFT_ACTIVE_COMPILATION_CONDITIONS = DEBUG;
				SWIFT_OPTIMIZATION_LEVEL = "-Onone";
			};
			name = Debug;
		};
		17A5F40129959A3C0019BAB1 /* Release */ = {
			isa = XCBuildConfiguration;
			buildSettings = {
				ALWAYS_SEARCH_USER_PATHS = NO;
				CLANG_ANALYZER_NONNULL = YES;
				CLANG_ANALYZER_NUMBER_OBJECT_CONVERSION = YES_AGGRESSIVE;
				CLANG_CXX_LANGUAGE_STANDARD = "gnu++20";
				CLANG_ENABLE_MODULES = YES;
				CLANG_ENABLE_OBJC_ARC = YES;
				CLANG_ENABLE_OBJC_WEAK = YES;
				CLANG_WARN_BLOCK_CAPTURE_AUTORELEASING = YES;
				CLANG_WARN_BOOL_CONVERSION = YES;
				CLANG_WARN_COMMA = YES;
				CLANG_WARN_CONSTANT_CONVERSION = YES;
				CLANG_WARN_DEPRECATED_OBJC_IMPLEMENTATIONS = YES;
				CLANG_WARN_DIRECT_OBJC_ISA_USAGE = YES_ERROR;
				CLANG_WARN_DOCUMENTATION_COMMENTS = YES;
				CLANG_WARN_EMPTY_BODY = YES;
				CLANG_WARN_ENUM_CONVERSION = YES;
				CLANG_WARN_INFINITE_RECURSION = YES;
				CLANG_WARN_INT_CONVERSION = YES;
				CLANG_WARN_NON_LITERAL_NULL_CONVERSION = YES;
				CLANG_WARN_OBJC_IMPLICIT_RETAIN_SELF = YES;
				CLANG_WARN_OBJC_LITERAL_CONVERSION = YES;
				CLANG_WARN_OBJC_ROOT_CLASS = YES_ERROR;
				CLANG_WARN_QUOTED_INCLUDE_IN_FRAMEWORK_HEADER = YES;
				CLANG_WARN_RANGE_LOOP_ANALYSIS = YES;
				CLANG_WARN_STRICT_PROTOTYPES = YES;
				CLANG_WARN_SUSPICIOUS_MOVE = YES;
				CLANG_WARN_UNGUARDED_AVAILABILITY = YES_AGGRESSIVE;
				CLANG_WARN_UNREACHABLE_CODE = YES;
				CLANG_WARN__DUPLICATE_METHOD_MATCH = YES;
				COPY_PHASE_STRIP = NO;
				DEBUG_INFORMATION_FORMAT = "dwarf-with-dsym";
				ENABLE_NS_ASSERTIONS = NO;
				ENABLE_STRICT_OBJC_MSGSEND = YES;
				GCC_C_LANGUAGE_STANDARD = gnu11;
				GCC_NO_COMMON_BLOCKS = YES;
				GCC_WARN_64_TO_32_BIT_CONVERSION = YES;
				GCC_WARN_ABOUT_RETURN_TYPE = YES_ERROR;
				GCC_WARN_UNDECLARED_SELECTOR = YES;
				GCC_WARN_UNINITIALIZED_AUTOS = YES_AGGRESSIVE;
				GCC_WARN_UNUSED_FUNCTION = YES;
				GCC_WARN_UNUSED_VARIABLE = YES;
				IPHONEOS_DEPLOYMENT_TARGET = 16.2;
				MTL_ENABLE_DEBUG_INFO = NO;
				MTL_FAST_MATH = YES;
				SDKROOT = iphoneos;
				SWIFT_COMPILATION_MODE = wholemodule;
				SWIFT_OPTIMIZATION_LEVEL = "-O";
				VALIDATE_PRODUCT = YES;
			};
			name = Release;
		};
		17A5F40329959A3C0019BAB1 /* Debug */ = {
			isa = XCBuildConfiguration;
			buildSettings = {
				ASSETCATALOG_COMPILER_APPICON_NAME = AppIcon;
				ASSETCATALOG_COMPILER_GLOBAL_ACCENT_COLOR_NAME = AccentColor;
				CODE_SIGN_STYLE = Automatic;
				CURRENT_PROJECT_VERSION = 1;
				GENERATE_INFOPLIST_FILE = YES;
				INFOPLIST_FILE = unit2project/Info.plist;
				INFOPLIST_KEY_UIApplicationSupportsIndirectInputEvents = YES;
				INFOPLIST_KEY_UILaunchStoryboardName = LaunchScreen;
				INFOPLIST_KEY_UIMainStoryboardFile = Main;
				INFOPLIST_KEY_UISupportedInterfaceOrientations_iPad = "UIInterfaceOrientationPortrait UIInterfaceOrientationPortraitUpsideDown UIInterfaceOrientationLandscapeLeft UIInterfaceOrientationLandscapeRight";
				INFOPLIST_KEY_UISupportedInterfaceOrientations_iPhone = "UIInterfaceOrientationPortrait UIInterfaceOrientationLandscapeLeft UIInterfaceOrientationLandscapeRight";
				LD_RUNPATH_SEARCH_PATHS = (
					"$(inherited)",
					"@executable_path/Frameworks",
				);
				MARKETING_VERSION = 1.0;
				PRODUCT_BUNDLE_IDENTIFIER = edu.csumb.aroblesmartinez.unit2project;
				PRODUCT_NAME = Flixster;
				SWIFT_EMIT_LOC_STRINGS = YES;
				SWIFT_VERSION = 5.0;
				TARGETED_DEVICE_FAMILY = "1,2";
			};
			name = Debug;
		};
		17A5F40429959A3C0019BAB1 /* Release */ = {
			isa = XCBuildConfiguration;
			buildSettings = {
				ASSETCATALOG_COMPILER_APPICON_NAME = AppIcon;
				ASSETCATALOG_COMPILER_GLOBAL_ACCENT_COLOR_NAME = AccentColor;
				CODE_SIGN_STYLE = Automatic;
				CURRENT_PROJECT_VERSION = 1;
				GENERATE_INFOPLIST_FILE = YES;
				INFOPLIST_FILE = unit2project/Info.plist;
				INFOPLIST_KEY_UIApplicationSupportsIndirectInputEvents = YES;
				INFOPLIST_KEY_UILaunchStoryboardName = LaunchScreen;
				INFOPLIST_KEY_UIMainStoryboardFile = Main;
				INFOPLIST_KEY_UISupportedInterfaceOrientations_iPad = "UIInterfaceOrientationPortrait UIInterfaceOrientationPortraitUpsideDown UIInterfaceOrientationLandscapeLeft UIInterfaceOrientationLandscapeRight";
				INFOPLIST_KEY_UISupportedInterfaceOrientations_iPhone = "UIInterfaceOrientationPortrait UIInterfaceOrientationLandscapeLeft UIInterfaceOrientationLandscapeRight";
				LD_RUNPATH_SEARCH_PATHS = (
					"$(inherited)",
					"@executable_path/Frameworks",
				);
				MARKETING_VERSION = 1.0;
				PRODUCT_BUNDLE_IDENTIFIER = edu.csumb.aroblesmartinez.unit2project;
				PRODUCT_NAME = Flixster;
				SWIFT_EMIT_LOC_STRINGS = YES;
				SWIFT_VERSION = 5.0;
				TARGETED_DEVICE_FAMILY = "1,2";
			};
			name = Release;
		};
		17A5F40629959A3C0019BAB1 /* Debug */ = {
			isa = XCBuildConfiguration;
			buildSettings = {
				ALWAYS_EMBED_SWIFT_STANDARD_LIBRARIES = YES;
				BUNDLE_LOADER = "$(TEST_HOST)";
				CODE_SIGN_STYLE = Automatic;
				CURRENT_PROJECT_VERSION = 1;
				GENERATE_INFOPLIST_FILE = YES;
				IPHONEOS_DEPLOYMENT_TARGET = 16.2;
				MARKETING_VERSION = 1.0;
				PRODUCT_BUNDLE_IDENTIFIER = edu.csumb.aroblesmartinez.unit2projectTests;
				PRODUCT_NAME = "$(TARGET_NAME)";
				SWIFT_EMIT_LOC_STRINGS = NO;
				SWIFT_VERSION = 5.0;
				TARGETED_DEVICE_FAMILY = "1,2";
				TEST_HOST = "$(BUILT_PRODUCTS_DIR)/unit2project.app/$(BUNDLE_EXECUTABLE_FOLDER_PATH)/unit2project";
			};
			name = Debug;
		};
		17A5F40729959A3C0019BAB1 /* Release */ = {
			isa = XCBuildConfiguration;
			buildSettings = {
				ALWAYS_EMBED_SWIFT_STANDARD_LIBRARIES = YES;
				BUNDLE_LOADER = "$(TEST_HOST)";
				CODE_SIGN_STYLE = Automatic;
				CURRENT_PROJECT_VERSION = 1;
				GENERATE_INFOPLIST_FILE = YES;
				IPHONEOS_DEPLOYMENT_TARGET = 16.2;
				MARKETING_VERSION = 1.0;
				PRODUCT_BUNDLE_IDENTIFIER = edu.csumb.aroblesmartinez.unit2projectTests;
				PRODUCT_NAME = "$(TARGET_NAME)";
				SWIFT_EMIT_LOC_STRINGS = NO;
				SWIFT_VERSION = 5.0;
				TARGETED_DEVICE_FAMILY = "1,2";
				TEST_HOST = "$(BUILT_PRODUCTS_DIR)/unit2project.app/$(BUNDLE_EXECUTABLE_FOLDER_PATH)/unit2project";
			};
			name = Release;
		};
		17A5F40929959A3C0019BAB1 /* Debug */ = {
			isa = XCBuildConfiguration;
			buildSettings = {
				ALWAYS_EMBED_SWIFT_STANDARD_LIBRARIES = YES;
				CODE_SIGN_STYLE = Automatic;
				CURRENT_PROJECT_VERSION = 1;
				GENERATE_INFOPLIST_FILE = YES;
				MARKETING_VERSION = 1.0;
				PRODUCT_BUNDLE_IDENTIFIER = edu.csumb.aroblesmartinez.unit2projectUITests;
				PRODUCT_NAME = "$(TARGET_NAME)";
				SWIFT_EMIT_LOC_STRINGS = NO;
				SWIFT_VERSION = 5.0;
				TARGETED_DEVICE_FAMILY = "1,2";
				TEST_TARGET_NAME = unit2project;
			};
			name = Debug;
		};
		17A5F40A29959A3C0019BAB1 /* Release */ = {
			isa = XCBuildConfiguration;
			buildSettings = {
				ALWAYS_EMBED_SWIFT_STANDARD_LIBRARIES = YES;
				CODE_SIGN_STYLE = Automatic;
				CURRENT_PROJECT_VERSION = 1;
				GENERATE_INFOPLIST_FILE = YES;
				MARKETING_VERSION = 1.0;
				PRODUCT_BUNDLE_IDENTIFIER = edu.csumb.aroblesmartinez.unit2projectUITests;
				PRODUCT_NAME = "$(TARGET_NAME)";
				SWIFT_EMIT_LOC_STRINGS = NO;
				SWIFT_VERSION = 5.0;
				TARGETED_DEVICE_FAMILY = "1,2";
				TEST_TARGET_NAME = unit2project;
			};
			name = Release;
		};
/* End XCBuildConfiguration section */

/* Begin XCConfigurationList section */
		17A5F3D329959A3B0019BAB1 /* Build configuration list for PBXProject "unit2project" */ = {
			isa = XCConfigurationList;
			buildConfigurations = (
				17A5F40029959A3C0019BAB1 /* Debug */,
				17A5F40129959A3C0019BAB1 /* Release */,
			);
			defaultConfigurationIsVisible = 0;
			defaultConfigurationName = Release;
		};
		17A5F40229959A3C0019BAB1 /* Build configuration list for PBXNativeTarget "unit2project" */ = {
			isa = XCConfigurationList;
			buildConfigurations = (
				17A5F40329959A3C0019BAB1 /* Debug */,
				17A5F40429959A3C0019BAB1 /* Release */,
			);
			defaultConfigurationIsVisible = 0;
			defaultConfigurationName = Release;
		};
		17A5F40529959A3C0019BAB1 /* Build configuration list for PBXNativeTarget "unit2projectTests" */ = {
			isa = XCConfigurationList;
			buildConfigurations = (
				17A5F40629959A3C0019BAB1 /* Debug */,
				17A5F40729959A3C0019BAB1 /* Release */,
			);
			defaultConfigurationIsVisible = 0;
			defaultConfigurationName = Release;
		};
		17A5F40829959A3C0019BAB1 /* Build configuration list for PBXNativeTarget "unit2projectUITests" */ = {
			isa = XCConfigurationList;
			buildConfigurations = (
				17A5F40929959A3C0019BAB1 /* Debug */,
				17A5F40A29959A3C0019BAB1 /* Release */,
			);
			defaultConfigurationIsVisible = 0;
			defaultConfigurationName = Release;
		};
/* End XCConfigurationList section */

/* Begin XCRemoteSwiftPackageReference section */
		17A01DE8299EDDEB00CFBDB7 /* XCRemoteSwiftPackageReference "Nuke" */ = {
			isa = XCRemoteSwiftPackageReference;
			repositoryURL = "https://github.com/kean/Nuke.git";
			requirement = {
				kind = upToNextMajorVersion;
				minimumVersion = 9.0.0;
			};
		};
/* End XCRemoteSwiftPackageReference section */

/* Begin XCSwiftPackageProductDependency section */
		17A01DE9299EDDEB00CFBDB7 /* Nuke */ = {
			isa = XCSwiftPackageProductDependency;
			package = 17A01DE8299EDDEB00CFBDB7 /* XCRemoteSwiftPackageReference "Nuke" */;
			productName = Nuke;
		};
/* End XCSwiftPackageProductDependency section */
	};
	rootObject = 17A5F3D029959A3B0019BAB1 /* Project object */;
}
